
Microsoft Visual Studio Solution File, Format Version 12.00
# Visual Studio 15
VisualStudioVersion = 15.0.27130.2036
MinimumVisualStudioVersion = 10.0.40219.1
Project("{FAE04EC0-301F-11D3-BF4B-00C04F79EFBC}") = "Player", "Player\Player.csproj", "{E92BC3CD-9751-4B65-8670-B5706B670FE8}"
EndProject
Project("{FAE04EC0-301F-11D3-BF4B-00C04F79EFBC}") = "NAudioWrapper", "NAudioWrapper\NAudioWrapper.csproj", "{0D163301-E12F-4974-829B-CB573B254F2E}"
EndProject
Global
	GlobalSection(SolutionConfigurationPlatforms) = preSolution
		Debug|Any CPU = Debug|Any CPU
		Release|Any CPU = Release|Any CPU
	EndGlobalSection
	GlobalSection(ProjectConfigurationPlatforms) = postSolution
		{E92BC3CD-9751-4B65-8670-B5706B670FE8}.Debug|Any CPU.ActiveCfg = Debug|Any CPU
		{E92BC3CD-9751-4B65-8670-B5706B670FE8}.Debug|Any CPU.Build.0 = Debug|Any CPU
		{E92BC3CD-9751-4B65-8670-B5706B670FE8}.Release|Any CPU.ActiveCfg = Release|Any CPU
		{E92BC3CD-9751-4B65-8670-B5706B670FE8}.Release|Any CPU.Build.0 = Release|Any CPU
		{0D163301-E12F-4974-829B-CB573B254F2E}.Debug|Any CPU.ActiveCfg = Debug|Any CPU
		{0D163301-E12F-4974-829B-CB573B254F2E}.Debug|Any CPU.Build.0 = Debug|Any CPU
		{0D163301-E12F-4974-829B-CB573B254F2E}.Release|Any CPU.ActiveCfg = Release|Any CPU
		{0D163301-E12F-4974-829B-CB573B254F2E}.Release|Any CPU.Build.0 = Release|Any CPU
	EndGlobalSection
	GlobalSection(SolutionProperties) = preSolution
		HideSolutionNode = FALSE
	EndGlobalSection
	GlobalSection(ExtensibilityGlobals) = postSolution
		SolutionGuid = {EF2589EB-52C9-4F8E-8D0D-27B1AD86D547}
	EndGlobalSection
EndGlobal
